{
  "originHash" : "044b82aee072b148bb2528fbcf15c0305301fe15a7eceb4b66ef9bc159557071",
  "pins" : [
    {
      "identity" : "amplitude-swift",
      "kind" : "remoteSourceControl",
      "location" : "https://github.com/amplitude/Amplitude-Swift.git",
      "state" : {
        "revision" : "17ca168cfe6bc6400e0fd7d0287fb2c742ed0d21",
        "version" : "1.18.6"
      }
    },
    {
      "identity" : "amplitudecore-swift",
      "kind" : "remoteSourceControl",
      "location" : "https://github.com/amplitude/AmplitudeCore-Swift.git",
      "state" : {
        "revision" : "bf7afcc808ff9ed66c9e0f99c1d65ba8fca8caa3",
        "version" : "1.4.9"
      }
    },
    {
      "identity" : "analytics-connector-ios",
      "kind" : "remoteSourceControl",
      "location" : "https://github.com/amplitude/analytics-connector-ios.git",
      "state" : {
        "revision" : "982b4c787285d213653bd2a504d6a86b52227cea",
        "version" : "1.3.2"
      }
    }
  ],
  "version" : 3
}
